
Microsoft Visual Studio Solution File, Format Version 12.00
# Visual Studio Version 16
VisualStudioVersion = 16.0.31729.503
MinimumVisualStudioVersion = 10.0.40219.1
Project("{FAE04EC0-301F-11D3-BF4B-00C04F79EFBC}") = "BlendeaCiaoAPP", "BlendeaCiaoAPP\BlendeaCiaoAPP.csproj", "{12BEC11A-9C48-4FDC-96A5-D07774B217CC}"
EndProject
Global
	GlobalSection(SolutionConfigurationPlatforms) = preSolution
		Debug|Any CPU = Debug|Any CPU
		Release|Any CPU = Release|Any CPU
	EndGlobalSection
	GlobalSection(ProjectConfigurationPlatforms) = postSolution
		{12BEC11A-9C48-4FDC-96A5-D07774B217CC}.Debug|Any CPU.ActiveCfg = Debug|Any CPU
		{12BEC11A-9C48-4FDC-96A5-D07774B217CC}.Debug|Any CPU.Build.0 = Debug|Any CPU
		{12BEC11A-9C48-4FDC-96A5-D07774B217CC}.Release|Any CPU.ActiveCfg = Release|Any CPU
		{12BEC11A-9C48-4FDC-96A5-D07774B217CC}.Release|Any CPU.Build.0 = Release|Any CPU
	EndGlobalSection
	GlobalSection(SolutionProperties) = preSolution
		HideSolutionNode = FALSE
	EndGlobalSection
	GlobalSection(ExtensibilityGlobals) = postSolution
		SolutionGuid = {194A9ADF-2B14-4D5D-A424-3F16D8AAF2C0}
	EndGlobalSection
EndGlobal
